
Microsoft Visual Studio Solution File, Format Version 12.00
# Visual Studio Version 17
VisualStudioVersion = 17.1.32210.238
MinimumVisualStudioVersion = 10.0.40219.1
Project("{FAE04EC0-301F-11D3-BF4B-00C04F79EFBC}") = "Uc-6-WorkingHrDayReached", "Uc-6-WorkingHrDayReached\Uc-6-WorkingHrDayReached.csproj", "{1C8B78E8-D248-4F6A-B20F-B4A1E5F800EA}"
EndProject
Global
	GlobalSection(SolutionConfigurationPlatforms) = preSolution
		Debug|Any CPU = Debug|Any CPU
		Release|Any CPU = Release|Any CPU
	EndGlobalSection
	GlobalSection(ProjectConfigurationPlatforms) = postSolution
		{1C8B78E8-D248-4F6A-B20F-B4A1E5F800EA}.Debug|Any CPU.ActiveCfg = Debug|Any CPU
		{1C8B78E8-D248-4F6A-B20F-B4A1E5F800EA}.Debug|Any CPU.Build.0 = Debug|Any CPU
		{1C8B78E8-D248-4F6A-B20F-B4A1E5F800EA}.Release|Any CPU.ActiveCfg = Release|Any CPU
		{1C8B78E8-D248-4F6A-B20F-B4A1E5F800EA}.Release|Any CPU.Build.0 = Release|Any CPU
	EndGlobalSection
	GlobalSection(SolutionProperties) = preSolution
		HideSolutionNode = FALSE
	EndGlobalSection
	GlobalSection(ExtensibilityGlobals) = postSolution
		SolutionGuid = {F7A18D53-5988-471E-AF81-5F611F53CF9F}
	EndGlobalSection
EndGlobal
