
Microsoft Visual Studio Solution File, Format Version 12.00
# Visual Studio Version 17
VisualStudioVersion = 17.1.32210.238
MinimumVisualStudioVersion = 10.0.40219.1
Project("{FAE04EC0-301F-11D3-BF4B-00C04F79EFBC}") = "Uc-5-MonthlyWage", "Uc-5-MonthlyWage\Uc-5-MonthlyWage.csproj", "{61CF79EE-622C-4FED-A2F2-329F5459F79A}"
EndProject
Global
	GlobalSection(SolutionConfigurationPlatforms) = preSolution
		Debug|Any CPU = Debug|Any CPU
		Release|Any CPU = Release|Any CPU
	EndGlobalSection
	GlobalSection(ProjectConfigurationPlatforms) = postSolution
		{61CF79EE-622C-4FED-A2F2-329F5459F79A}.Debug|Any CPU.ActiveCfg = Debug|Any CPU
		{61CF79EE-622C-4FED-A2F2-329F5459F79A}.Debug|Any CPU.Build.0 = Debug|Any CPU
		{61CF79EE-622C-4FED-A2F2-329F5459F79A}.Release|Any CPU.ActiveCfg = Release|Any CPU
		{61CF79EE-622C-4FED-A2F2-329F5459F79A}.Release|Any CPU.Build.0 = Release|Any CPU
	EndGlobalSection
	GlobalSection(SolutionProperties) = preSolution
		HideSolutionNode = FALSE
	EndGlobalSection
	GlobalSection(ExtensibilityGlobals) = postSolution
		SolutionGuid = {5F5CB1C7-3033-4FD1-B7F3-1CB159658541}
	EndGlobalSection
EndGlobal
